[root]
name = "game-rs"
version = "0.0.1"
dependencies = [
 "cgmath 0.0.1 (git+http://github.com/bjz/cgmath-rs#d2053a8366b65606b57150757f9bcd6531e82f18)",
 "gfx 0.1.0 (git+https://github.com/gfx-rs/gfx-rs#eb7a628a8f189cc06681dddd205d3bd04dc88a84)",
 "glfw 0.0.1 (git+https://github.com/bjz/glfw-rs.git#16f8b1c725e153bc4ff11e0a210e8896ceee4710)",
 "glfw_game_window 0.0.0 (git+https://github.com/pistondevelopers/glfw_game_window#d08ee00de49cfd9ee5e3f8ea77bded124cd3ec48)",
 "piston 0.0.0 (git+https://github.com/pistondevelopers/piston#97e6f786d774a9cdd7a4f077df8d875a0c89d6d2)",
]

[[package]]
name = "cam"
version = "0.0.0"
source = "git+https://github.com/pistondevelopers/cam#049631d04570f61deef9f03242489e15cd9060f2"
dependencies = [
 "input 0.0.0 (git+https://github.com/pistondevelopers/input#6453898bb0f56535b7773642674380e62bc87be1)",
 "vecmath 0.0.0 (git+https://github.com/pistondevelopers/vecmath#fb14c586842e7e6e93cd02bb23e3dd4bf958e594)",
]

[[package]]
name = "cgmath"
version = "0.0.1"
source = "git+http://github.com/bjz/cgmath-rs#d2053a8366b65606b57150757f9bcd6531e82f18"

[[package]]
name = "device"
version = "0.1.0"
source = "git+https://github.com/gfx-rs/gfx-rs#eb7a628a8f189cc06681dddd205d3bd04dc88a84"
dependencies = [
 "gfx_gl 0.1.0 (git+https://github.com/gfx-rs/gfx_gl.git#52bb510e9e76cd3c0aed7b6aa678c03059d630a6)",
]

[[package]]
name = "event"
version = "0.0.0"
source = "git+https://github.com/pistondevelopers/event#eef347d3b806b349917b7d875bc2fa0d85e7cf3d"
dependencies = [
 "input 0.0.0 (git+https://github.com/pistondevelopers/input#6453898bb0f56535b7773642674380e62bc87be1)",
]

[[package]]
name = "genmesh"
version = "0.1.0"
source = "git+https://github.com/csherratt/genmesh.git#8fc064208cfed8ee0f6539862a8065bab7319303"

[[package]]
name = "gfx"
version = "0.1.0"
source = "git+https://github.com/gfx-rs/gfx-rs#eb7a628a8f189cc06681dddd205d3bd04dc88a84"
dependencies = [
 "device 0.1.0 (git+https://github.com/gfx-rs/gfx-rs#eb7a628a8f189cc06681dddd205d3bd04dc88a84)",
 "gfx_macros 0.1.0 (git+https://github.com/gfx-rs/gfx-rs#eb7a628a8f189cc06681dddd205d3bd04dc88a84)",
 "render 0.1.0 (git+https://github.com/gfx-rs/gfx-rs#eb7a628a8f189cc06681dddd205d3bd04dc88a84)",
]

[[package]]
name = "gfx_gl"
version = "0.1.0"
source = "git+https://github.com/gfx-rs/gfx_gl.git#52bb510e9e76cd3c0aed7b6aa678c03059d630a6"
dependencies = [
 "gl_generator 0.0.1 (git+https://github.com/bjz/gl-rs#e3c94ac249e42db09ac4f2e7687bc415711c039a)",
]

[[package]]
name = "gfx_macros"
version = "0.1.0"
source = "git+https://github.com/gfx-rs/gfx-rs#eb7a628a8f189cc06681dddd205d3bd04dc88a84"

[[package]]
name = "gl"
version = "0.0.1"
source = "git+https://github.com/bjz/gl-rs#e3c94ac249e42db09ac4f2e7687bc415711c039a"
dependencies = [
 "gl_generator 0.0.1 (git+https://github.com/bjz/gl-rs#e3c94ac249e42db09ac4f2e7687bc415711c039a)",
]

[[package]]
name = "gl_generator"
version = "0.0.1"
source = "git+https://github.com/bjz/gl-rs#e3c94ac249e42db09ac4f2e7687bc415711c039a"
dependencies = [
 "khronos_api 0.0.1 (git+https://github.com/bjz/gl-rs#e3c94ac249e42db09ac4f2e7687bc415711c039a)",
 "rust-xml 0.1.0 (git+https://github.com/tomaka/rust-xml#51a102ec2a27763792868848fbb568951ba89473)",
]

[[package]]
name = "glfw"
version = "0.0.1"
source = "git+https://github.com/bjz/glfw-rs.git#16f8b1c725e153bc4ff11e0a210e8896ceee4710"
dependencies = [
 "glfw-sys 3.0.4 (git+https://github.com/servo/glfw?ref=cargo-3.0.4#65a2b4721276589d9de24f6a9999a2db37286cae)",
 "semver 0.1.0 (git+https://github.com/rust-lang/semver#5dee918159d4e3d84c1ee54cf6a5305e6f7bd557)",
]

[[package]]
name = "glfw-sys"
version = "3.0.4"
source = "git+https://github.com/servo/glfw?ref=cargo-3.0.4#65a2b4721276589d9de24f6a9999a2db37286cae"

[[package]]
name = "glfw_game_window"
version = "0.0.0"
source = "git+https://github.com/pistondevelopers/glfw_game_window#d08ee00de49cfd9ee5e3f8ea77bded124cd3ec48"
dependencies = [
 "event 0.0.0 (git+https://github.com/pistondevelopers/event#eef347d3b806b349917b7d875bc2fa0d85e7cf3d)",
 "gl 0.0.1 (git+https://github.com/bjz/gl-rs#e3c94ac249e42db09ac4f2e7687bc415711c039a)",
 "glfw 0.0.1 (git+https://github.com/bjz/glfw-rs.git#16f8b1c725e153bc4ff11e0a210e8896ceee4710)",
 "input 0.0.0 (git+https://github.com/pistondevelopers/input#6453898bb0f56535b7773642674380e62bc87be1)",
 "shader_version 0.0.0 (git+https://github.com/pistondevelopers/shader_version#c561d15e7d3a561271222daefe073054f5d62b8c)",
]

[[package]]
name = "graphics"
version = "0.0.0"
source = "git+https://github.com/pistondevelopers/graphics#a4ab361dcf89eb13b5c7ba2638ad7bdf1a6f270b"
dependencies = [
 "vecmath 0.0.0 (git+https://github.com/pistondevelopers/vecmath#fb14c586842e7e6e93cd02bb23e3dd4bf958e594)",
]

[[package]]
name = "image"
version = "0.0.0"
source = "git+https://github.com/pistondevelopers/image#2dacfa9a0f0090778f214e595820bbaa4b2b4a0f"

[[package]]
name = "input"
version = "0.0.0"
source = "git+https://github.com/pistondevelopers/input#6453898bb0f56535b7773642674380e62bc87be1"

[[package]]
name = "khronos_api"
version = "0.0.1"
source = "git+https://github.com/bjz/gl-rs#e3c94ac249e42db09ac4f2e7687bc415711c039a"

[[package]]
name = "noise-rs"
version = "0.0.1"
source = "git+https://github.com/bjz/noise-rs#efd7125385cacae0f911032345729c8cfd98f72c"

[[package]]
name = "piston"
version = "0.0.0"
source = "git+https://github.com/pistondevelopers/piston#97e6f786d774a9cdd7a4f077df8d875a0c89d6d2"
dependencies = [
 "cam 0.0.0 (git+https://github.com/pistondevelopers/cam#049631d04570f61deef9f03242489e15cd9060f2)",
 "event 0.0.0 (git+https://github.com/pistondevelopers/event#eef347d3b806b349917b7d875bc2fa0d85e7cf3d)",
 "genmesh 0.1.0 (git+https://github.com/csherratt/genmesh.git#8fc064208cfed8ee0f6539862a8065bab7319303)",
 "graphics 0.0.0 (git+https://github.com/pistondevelopers/graphics#a4ab361dcf89eb13b5c7ba2638ad7bdf1a6f270b)",
 "image 0.0.0 (git+https://github.com/pistondevelopers/image#2dacfa9a0f0090778f214e595820bbaa4b2b4a0f)",
 "input 0.0.0 (git+https://github.com/pistondevelopers/input#6453898bb0f56535b7773642674380e62bc87be1)",
 "noise-rs 0.0.1 (git+https://github.com/bjz/noise-rs#efd7125385cacae0f911032345729c8cfd98f72c)",
 "shader_version 0.0.0 (git+https://github.com/pistondevelopers/shader_version#c561d15e7d3a561271222daefe073054f5d62b8c)",
 "sprite 0.0.0 (git+https://github.com/pistondevelopers/sprite#e65848df21afb6f53af6bac836d26211b61d6dc7)",
 "vecmath 0.0.0 (git+https://github.com/pistondevelopers/vecmath#fb14c586842e7e6e93cd02bb23e3dd4bf958e594)",
]

[[package]]
name = "render"
version = "0.1.0"
source = "git+https://github.com/gfx-rs/gfx-rs#eb7a628a8f189cc06681dddd205d3bd04dc88a84"
dependencies = [
 "device 0.1.0 (git+https://github.com/gfx-rs/gfx-rs#eb7a628a8f189cc06681dddd205d3bd04dc88a84)",
]

[[package]]
name = "rust-xml"
version = "0.1.0"
source = "git+https://github.com/tomaka/rust-xml#51a102ec2a27763792868848fbb568951ba89473"

[[package]]
name = "semver"
version = "0.1.0"
source = "git+https://github.com/rust-lang/semver#5dee918159d4e3d84c1ee54cf6a5305e6f7bd557"

[[package]]
name = "shader_version"
version = "0.0.0"
source = "git+https://github.com/pistondevelopers/shader_version#c561d15e7d3a561271222daefe073054f5d62b8c"

[[package]]
name = "sprite"
version = "0.0.0"
source = "git+https://github.com/pistondevelopers/sprite#e65848df21afb6f53af6bac836d26211b61d6dc7"
dependencies = [
 "event 0.0.0 (git+https://github.com/pistondevelopers/event#eef347d3b806b349917b7d875bc2fa0d85e7cf3d)",
 "graphics 0.0.0 (git+https://github.com/pistondevelopers/graphics#a4ab361dcf89eb13b5c7ba2638ad7bdf1a6f270b)",
 "uuid 0.0.1 (git+https://github.com/rust-lang/uuid#c6159089a491ff4398c6d423263a085c95092a04)",
]

[[package]]
name = "uuid"
version = "0.0.1"
source = "git+https://github.com/rust-lang/uuid#c6159089a491ff4398c6d423263a085c95092a04"

[[package]]
name = "vecmath"
version = "0.0.0"
source = "git+https://github.com/pistondevelopers/vecmath#fb14c586842e7e6e93cd02bb23e3dd4bf958e594"

